
Microsoft Visual Studio Solution File, Format Version 12.00
# Visual Studio Version 16
VisualStudioVersion = 16.0.28922.388
MinimumVisualStudioVersion = 10.0.40219.1
Project("{FAE04EC0-301F-11D3-BF4B-00C04F79EFBC}") = "SAToolBox", "SAToolBox\SAToolBox.csproj", "{489C50D7-746C-446A-8136-814CD47D5479}"
EndProject
Global
	GlobalSection(SolutionConfigurationPlatforms) = preSolution
		Debug|Any CPU = Debug|Any CPU
		Release|Any CPU = Release|Any CPU
	EndGlobalSection
	GlobalSection(ProjectConfigurationPlatforms) = postSolution
		{489C50D7-746C-446A-8136-814CD47D5479}.Debug|Any CPU.ActiveCfg = Debug|Any CPU
		{489C50D7-746C-446A-8136-814CD47D5479}.Debug|Any CPU.Build.0 = Debug|Any CPU
		{489C50D7-746C-446A-8136-814CD47D5479}.Release|Any CPU.ActiveCfg = Release|Any CPU
		{489C50D7-746C-446A-8136-814CD47D5479}.Release|Any CPU.Build.0 = Release|Any CPU
	EndGlobalSection
	GlobalSection(SolutionProperties) = preSolution
		HideSolutionNode = FALSE
	EndGlobalSection
	GlobalSection(ExtensibilityGlobals) = postSolution
		SolutionGuid = {AE6D0897-0973-4B7D-84FA-F5230D9ACF00}
	EndGlobalSection
EndGlobal
