
Microsoft Visual Studio Solution File, Format Version 12.00
# Visual Studio 15
VisualStudioVersion = 15.0.28307.136
MinimumVisualStudioVersion = 10.0.40219.1
Project("{FAE04EC0-301F-11D3-BF4B-00C04F79EFBC}") = "outreference", "outreference\outreference.csproj", "{A0B14E90-203B-4D8C-8120-1ABDC21329BB}"
EndProject
Global
	GlobalSection(SolutionConfigurationPlatforms) = preSolution
		Debug|Any CPU = Debug|Any CPU
		Release|Any CPU = Release|Any CPU
	EndGlobalSection
	GlobalSection(ProjectConfigurationPlatforms) = postSolution
		{A0B14E90-203B-4D8C-8120-1ABDC21329BB}.Debug|Any CPU.ActiveCfg = Debug|Any CPU
		{A0B14E90-203B-4D8C-8120-1ABDC21329BB}.Debug|Any CPU.Build.0 = Debug|Any CPU
		{A0B14E90-203B-4D8C-8120-1ABDC21329BB}.Release|Any CPU.ActiveCfg = Release|Any CPU
		{A0B14E90-203B-4D8C-8120-1ABDC21329BB}.Release|Any CPU.Build.0 = Release|Any CPU
	EndGlobalSection
	GlobalSection(SolutionProperties) = preSolution
		HideSolutionNode = FALSE
	EndGlobalSection
	GlobalSection(ExtensibilityGlobals) = postSolution
		SolutionGuid = {DEF6F8CF-CEFA-48D4-BA30-E37EF05C81C4}
	EndGlobalSection
EndGlobal
