
Microsoft Visual Studio Solution File, Format Version 12.00
# Visual Studio 15
VisualStudioVersion = 15.0.28307.136
MinimumVisualStudioVersion = 10.0.40219.1
Project("{FAE04EC0-301F-11D3-BF4B-00C04F79EFBC}") = "GeometryTool", "GeometryTool\GeometryTool.csproj", "{1DEAD342-55D7-4440-B8C5-66E0AFA93AEA}"
EndProject
Global
	GlobalSection(SolutionConfigurationPlatforms) = preSolution
		Debug|Any CPU = Debug|Any CPU
		Release|Any CPU = Release|Any CPU
	EndGlobalSection
	GlobalSection(ProjectConfigurationPlatforms) = postSolution
		{1DEAD342-55D7-4440-B8C5-66E0AFA93AEA}.Debug|Any CPU.ActiveCfg = Debug|Any CPU
		{1DEAD342-55D7-4440-B8C5-66E0AFA93AEA}.Debug|Any CPU.Build.0 = Debug|Any CPU
		{1DEAD342-55D7-4440-B8C5-66E0AFA93AEA}.Release|Any CPU.ActiveCfg = Release|Any CPU
		{1DEAD342-55D7-4440-B8C5-66E0AFA93AEA}.Release|Any CPU.Build.0 = Release|Any CPU
	EndGlobalSection
	GlobalSection(SolutionProperties) = preSolution
		HideSolutionNode = FALSE
	EndGlobalSection
	GlobalSection(ExtensibilityGlobals) = postSolution
		SolutionGuid = {180F8D4A-0630-43F2-98E4-711286C540C6}
	EndGlobalSection
EndGlobal
