
Microsoft Visual Studio Solution File, Format Version 12.00
# Visual Studio 15
VisualStudioVersion = 15.0.28307.136
MinimumVisualStudioVersion = 10.0.40219.1
Project("{FAE04EC0-301F-11D3-BF4B-00C04F79EFBC}") = "ScreenWatch", "ScreenWatch\ScreenWatch.csproj", "{C5D34FA5-1357-42C3-9845-6331FB8E6BE2}"
EndProject
Global
	GlobalSection(SolutionConfigurationPlatforms) = preSolution
		Debug|Any CPU = Debug|Any CPU
		Release|Any CPU = Release|Any CPU
	EndGlobalSection
	GlobalSection(ProjectConfigurationPlatforms) = postSolution
		{C5D34FA5-1357-42C3-9845-6331FB8E6BE2}.Debug|Any CPU.ActiveCfg = Debug|Any CPU
		{C5D34FA5-1357-42C3-9845-6331FB8E6BE2}.Debug|Any CPU.Build.0 = Debug|Any CPU
		{C5D34FA5-1357-42C3-9845-6331FB8E6BE2}.Release|Any CPU.ActiveCfg = Release|Any CPU
		{C5D34FA5-1357-42C3-9845-6331FB8E6BE2}.Release|Any CPU.Build.0 = Release|Any CPU
	EndGlobalSection
	GlobalSection(SolutionProperties) = preSolution
		HideSolutionNode = FALSE
	EndGlobalSection
	GlobalSection(ExtensibilityGlobals) = postSolution
		SolutionGuid = {DF80F0F8-6AFA-4FEE-A87E-9FDE52267DC9}
	EndGlobalSection
EndGlobal
